	<Project xmlns="http://schemas.microsoft.com/developer/msbuild/2003">
		<PropertyGroup>
			<ProjectGuid>{1AAABAE4-C626-47FD-A01A-F3297696569B}</ProjectGuid>
			<MainSource>OposConfigTest.dpr</MainSource>
			<Config Condition="'$(Config)'==''">Debug</Config>
			<DCC_DCCCompiler>DCC32</DCC_DCCCompiler>
			<ProjectVersion>12.0</ProjectVersion>
		</PropertyGroup>
		<PropertyGroup Condition="'$(Config)'=='Base' or '$(Base)'!=''">
			<Base>true</Base>
		</PropertyGroup>
		<PropertyGroup Condition="'$(Config)'=='Release' or '$(Cfg_1)'!=''">
			<Cfg_1>true</Cfg_1>
			<CfgParent>Base</CfgParent>
			<Base>true</Base>
		</PropertyGroup>
		<PropertyGroup Condition="'$(Config)'=='Debug' or '$(Cfg_2)'!=''">
			<Cfg_2>true</Cfg_2>
			<CfgParent>Base</CfgParent>
			<Base>true</Base>
		</PropertyGroup>
		<PropertyGroup Condition="'$(Base)'!=''">
			<DCC_DependencyCheckOutputName>Bin\OposConfigTest.exe</DCC_DependencyCheckOutputName>
			<DCC_ExeOutput>Bin</DCC_ExeOutput>
			<DCC_ImageBase>00400000</DCC_ImageBase>
			<DCC_WriteableConstants>true</DCC_WriteableConstants>
			<DCC_UsePackage>VCL50;VCLX50;VCLSMP50;VCLDB50;VCLADO50;ibevnt50;VCLBDE50;VCLDBX50;VCLIE50;INETDB50;INET50;VCLMID50;WEBMID50;dclocx50;dclaxserver50;QRPT50;TEEQR50;NMFAST50;TEEUI50;TEEDB50;TEE50;DSS50;RXCTL5;RXBDE5;RXDB5;Dclusr50</DCC_UsePackage>
			<DCC_Alignment>1</DCC_Alignment>
			<DCC_SYMBOL_PLATFORM>false</DCC_SYMBOL_PLATFORM>
			<DCC_UnitAlias>WinTypes=Windows;WinProcs=Windows;DbiTypes=BDE;DbiProcs=BDE;DbiErrs=BDE;WinTypes=Windows;WinProcs=Windows;$(DCC_UnitAlias)</DCC_UnitAlias>
			<DCC_Optimize>false</DCC_Optimize>
			<DCC_Platform>x86</DCC_Platform>
			<DCC_F>false</DCC_F>
			<DCC_E>false</DCC_E>
			<DCC_K>false</DCC_K>
			<DCC_S>false</DCC_S>
			<DCC_N>true</DCC_N>
			<DebugSourcePath>C:\Components\DUnit\src\;$(DebugSourcePath)</DebugSourcePath>
			<DCC_SYMBOL_DEPRECATED>false</DCC_SYMBOL_DEPRECATED>
			<DCC_SymbolReferenceInfo>1</DCC_SymbolReferenceInfo>
			<DCC_DcuOutput>DCU</DCC_DcuOutput>
			<DCC_UNIT_PLATFORM>false</DCC_UNIT_PLATFORM>
		</PropertyGroup>
		<PropertyGroup Condition="'$(Cfg_1)'!=''">
			<DCC_LocalDebugSymbols>false</DCC_LocalDebugSymbols>
			<DCC_Define>RELEASE;$(DCC_Define)</DCC_Define>
			<DCC_SymbolReferenceInfo>0</DCC_SymbolReferenceInfo>
			<DCC_DebugInformation>false</DCC_DebugInformation>
		</PropertyGroup>
		<PropertyGroup Condition="'$(Cfg_2)'!=''">
			<DCC_Define>DEBUG;$(DCC_Define)</DCC_Define>
		</PropertyGroup>
		<ItemGroup>
			<DelphiCompile Include="OposConfigTest.dpr">
				<MainSource>MainSource</MainSource>
			</DelphiCompile>
			<DCCReference Include="Units\TextDfmTest.pas"/>
			<DCCReference Include="..\..\Source\Shared\FileUtils.pas"/>
			<DCCReference Include="Units\AutoScrollTest.pas"/>
			<DCCReference Include="..\..\Source\OposConfig\Fmu\fmuCashDrawer.pas">
				<Form>fmCashDrawer</Form>
			</DCCReference>
			<DCCReference Include="..\..\Source\OposConfig\Fmu\fmuDevice.pas">
				<Form>fmDevice</Form>
			</DCCReference>
			<DCCReference Include="..\..\Source\OposConfig\Fmu\fmuFiscalPrinter.pas">
				<Form>fmFiscalPrinter</Form>
			</DCCReference>
			<DCCReference Include="..\..\Source\OposConfig\Fmu\fmuMain.pas">
				<Form>fmMain</Form>
			</DCCReference>
			<DCCReference Include="..\..\Source\Opos\Opos.pas"/>
			<DCCReference Include="..\..\Source\Opos\Oposhi.pas"/>
			<DCCReference Include="..\..\Source\Opos\OposUtils.pas"/>
			<DCCReference Include="..\..\Source\Opos\OposException.pas"/>
			<DCCReference Include="..\..\Source\Shared\SizeableForm.pas"/>
			<DCCReference Include="..\..\Source\OposConfig\Units\untUtil.pas"/>
			<DCCReference Include="..\..\Source\SmFiscalPrinter\Units\CashDrawerParameters.pas"/>
			<DCCReference Include="..\..\Source\SmFiscalPrinter\Units\PrinterTypes.pas"/>
			<DCCReference Include="..\..\Source\SmFiscalPrinter\Units\PrinterModel.pas"/>
			<DCCReference Include="..\..\Source\SmFiscalPrinter\Units\PrinterParameters.pas"/>
			<DCCReference Include="..\..\Source\SmFiscalPrinter\Units\PayType.pas"/>
			<DCCReference Include="..\..\Source\Shared\LogFile.pas"/>
			<DCCReference Include="..\..\Source\SmFiscalPrinter\Units\StringUtils.pas"/>
			<DCCReference Include="..\..\Source\SmFiscalPrinter\Units\DebugUtils.pas"/>
			<DCCReference Include="..\..\Source\Opos\OposDevice.pas"/>
			<DCCReference Include="..\..\Source\Shared\VersionInfo.pas"/>
			<DCCReference Include="..\..\Source\SmFiscalPrinter\Units\DirectIOAPI.pas"/>
			<DCCReference Include="..\..\Source\Opos\OposFptrUtils.pas"/>
			<DCCReference Include="..\..\Source\Opos\OposFptr.pas"/>
			<DCCReference Include="..\..\Source\Opos\OposFptrhi.pas"/>
			<BuildConfiguration Include="Base">
				<Key>Base</Key>
			</BuildConfiguration>
			<BuildConfiguration Include="Debug">
				<Key>Cfg_2</Key>
				<CfgParent>Base</CfgParent>
			</BuildConfiguration>
			<BuildConfiguration Include="Release">
				<Key>Cfg_1</Key>
				<CfgParent>Base</CfgParent>
			</BuildConfiguration>
		</ItemGroup>
		<Import Project="$(BDS)\Bin\CodeGear.Delphi.Targets" Condition="Exists('$(BDS)\Bin\CodeGear.Delphi.Targets')"/>
		<ProjectExtensions>
			<Borland.Personality>Delphi.Personality.12</Borland.Personality>
			<Borland.ProjectType>VCLApplication</Borland.ProjectType>
			<BorlandProject>
				<Delphi.Personality>
					<Source>
						<Source Name="MainSource">OposConfigTest.dpr</Source>
					</Source>
					<Parameters>
						<Parameters Name="UseLauncher">False</Parameters>
						<Parameters Name="LoadAllSymbols">True</Parameters>
						<Parameters Name="LoadUnspecifiedSymbols">False</Parameters>
					</Parameters>
					<VersionInfo>
						<VersionInfo Name="IncludeVerInfo">False</VersionInfo>
						<VersionInfo Name="AutoIncBuild">False</VersionInfo>
						<VersionInfo Name="MajorVer">1</VersionInfo>
						<VersionInfo Name="MinorVer">0</VersionInfo>
						<VersionInfo Name="Release">0</VersionInfo>
						<VersionInfo Name="Build">0</VersionInfo>
						<VersionInfo Name="Debug">False</VersionInfo>
						<VersionInfo Name="PreRelease">False</VersionInfo>
						<VersionInfo Name="Special">False</VersionInfo>
						<VersionInfo Name="Private">False</VersionInfo>
						<VersionInfo Name="DLL">False</VersionInfo>
						<VersionInfo Name="Locale">1049</VersionInfo>
						<VersionInfo Name="CodePage">1251</VersionInfo>
					</VersionInfo>
					<VersionInfoKeys>
						<VersionInfoKeys Name="CompanyName"/>
						<VersionInfoKeys Name="FileDescription"/>
						<VersionInfoKeys Name="FileVersion">1.0.0.0</VersionInfoKeys>
						<VersionInfoKeys Name="InternalName"/>
						<VersionInfoKeys Name="LegalCopyright"/>
						<VersionInfoKeys Name="LegalTrademarks"/>
						<VersionInfoKeys Name="OriginalFilename"/>
						<VersionInfoKeys Name="ProductName"/>
						<VersionInfoKeys Name="ProductVersion">1.0.0.0</VersionInfoKeys>
						<VersionInfoKeys Name="Comments"/>
					</VersionInfoKeys>
				</Delphi.Personality>
			</BorlandProject>
			<ProjectFileVersion>12</ProjectFileVersion>
		</ProjectExtensions>
	</Project>
